
Microsoft Visual Studio Solution File, Format Version 12.00
# Visual Studio Version 17
VisualStudioVersion = 17.7.34031.279
MinimumVisualStudioVersion = 10.0.40219.1
Project("{FAE04EC0-301F-11D3-BF4B-00C04F79EFBC}") = "pplw7", "pplw7.csproj", "{B1E7F768-7E43-4133-B12F-8CA59AFDB698}"
EndProject
Global
	GlobalSection(SolutionConfigurationPlatforms) = preSolution
		Debug|Any CPU = Debug|Any CPU
		Release|Any CPU = Release|Any CPU
	EndGlobalSection
	GlobalSection(ProjectConfigurationPlatforms) = postSolution
		{B1E7F768-7E43-4133-B12F-8CA59AFDB698}.Debug|Any CPU.ActiveCfg = Debug|Any CPU
		{B1E7F768-7E43-4133-B12F-8CA59AFDB698}.Debug|Any CPU.Build.0 = Debug|Any CPU
		{B1E7F768-7E43-4133-B12F-8CA59AFDB698}.Release|Any CPU.ActiveCfg = Release|Any CPU
		{B1E7F768-7E43-4133-B12F-8CA59AFDB698}.Release|Any CPU.Build.0 = Release|Any CPU
	EndGlobalSection
	GlobalSection(SolutionProperties) = preSolution
		HideSolutionNode = FALSE
	EndGlobalSection
	GlobalSection(ExtensibilityGlobals) = postSolution
		SolutionGuid = {CFD09740-F0FE-44A5-BDCC-810560B1546A}
	EndGlobalSection
EndGlobal
