
Microsoft Visual Studio Solution File, Format Version 12.00
# Visual Studio Version 17
VisualStudioVersion = 17.7.34031.279
MinimumVisualStudioVersion = 10.0.40219.1
Project("{FAE04EC0-301F-11D3-BF4B-00C04F79EFBC}") = "pplw71", "pplw71.csproj", "{8E4764A0-B160-4106-93C3-2E70BE51C222}"
EndProject
Global
	GlobalSection(SolutionConfigurationPlatforms) = preSolution
		Debug|Any CPU = Debug|Any CPU
		Release|Any CPU = Release|Any CPU
	EndGlobalSection
	GlobalSection(ProjectConfigurationPlatforms) = postSolution
		{8E4764A0-B160-4106-93C3-2E70BE51C222}.Debug|Any CPU.ActiveCfg = Debug|Any CPU
		{8E4764A0-B160-4106-93C3-2E70BE51C222}.Debug|Any CPU.Build.0 = Debug|Any CPU
		{8E4764A0-B160-4106-93C3-2E70BE51C222}.Release|Any CPU.ActiveCfg = Release|Any CPU
		{8E4764A0-B160-4106-93C3-2E70BE51C222}.Release|Any CPU.Build.0 = Release|Any CPU
	EndGlobalSection
	GlobalSection(SolutionProperties) = preSolution
		HideSolutionNode = FALSE
	EndGlobalSection
	GlobalSection(ExtensibilityGlobals) = postSolution
		SolutionGuid = {66F638CA-DBEA-46B8-BA47-30D95EC5BE67}
	EndGlobalSection
EndGlobal
